
Microsoft Visual Studio Solution File, Format Version 12.00
# Visual Studio Version 16
VisualStudioVersion = 16.0.29728.190
MinimumVisualStudioVersion = 10.0.40219.1
Project("{FAE04EC0-301F-11D3-BF4B-00C04F79EFBC}") = "StreamDeckIconResizer", "StreamDeckIconResizer\StreamDeckIconResizer.csproj", "{A66C9C3E-FBC4-4F5A-BC23-61D407F36772}"
EndProject
Global
	GlobalSection(SolutionConfigurationPlatforms) = preSolution
		Debug|Any CPU = Debug|Any CPU
		Release|Any CPU = Release|Any CPU
	EndGlobalSection
	GlobalSection(ProjectConfigurationPlatforms) = postSolution
		{A66C9C3E-FBC4-4F5A-BC23-61D407F36772}.Debug|Any CPU.ActiveCfg = Debug|Any CPU
		{A66C9C3E-FBC4-4F5A-BC23-61D407F36772}.Debug|Any CPU.Build.0 = Debug|Any CPU
		{A66C9C3E-FBC4-4F5A-BC23-61D407F36772}.Release|Any CPU.ActiveCfg = Release|Any CPU
		{A66C9C3E-FBC4-4F5A-BC23-61D407F36772}.Release|Any CPU.Build.0 = Release|Any CPU
	EndGlobalSection
	GlobalSection(SolutionProperties) = preSolution
		HideSolutionNode = FALSE
	EndGlobalSection
	GlobalSection(ExtensibilityGlobals) = postSolution
		SolutionGuid = {9961AB09-3810-43C0-9C9E-D0B6D6927EB2}
	EndGlobalSection
EndGlobal
